{
  "name": "@fullcalendar/bootstrap",
  "version": "4.4.2",
  "lockfileVersion": 3,
  "requires": true,
  "packages": {
    "": {
      "name": "@fullcalendar/bootstrap",
      "version": "4.4.2",
      "license": "MIT",
      "peerDependencies": {
        "@fullcalendar/core": "~4.4.0"
      }
    },
    "node_modules/@fullcalendar/core": {
      "version": "4.4.2",
      "resolved": "https://registry.npmjs.org/@fullcalendar/core/-/core-4.4.2.tgz",
      "integrity": "sha512-vq7KQGuAJ1ieFG5tUqwxwUwmXYtblFOTjHaLAVHo6iEPB52mS7DS45VJfkhaQmX4+5/+BHRpg82G1qkuAINwtg==",
      "peer": true
    }
  }
}
